
Microsoft Visual Studio Solution File, Format Version 12.00
# Visual Studio Version 16
VisualStudioVersion = 16.0.30011.22
MinimumVisualStudioVersion = 10.0.40219.1
Project("{FAE04EC0-301F-11D3-BF4B-00C04F79EFBC}") = "ChainofResponsibility", "ChainofResponsibility\ChainofResponsibility.csproj", "{1720DC69-2D57-4959-BE38-C3E54A2F95BE}"
EndProject
Global
	GlobalSection(SolutionConfigurationPlatforms) = preSolution
		Debug|Any CPU = Debug|Any CPU
		Release|Any CPU = Release|Any CPU
	EndGlobalSection
	GlobalSection(ProjectConfigurationPlatforms) = postSolution
		{1720DC69-2D57-4959-BE38-C3E54A2F95BE}.Debug|Any CPU.ActiveCfg = Debug|Any CPU
		{1720DC69-2D57-4959-BE38-C3E54A2F95BE}.Debug|Any CPU.Build.0 = Debug|Any CPU
		{1720DC69-2D57-4959-BE38-C3E54A2F95BE}.Release|Any CPU.ActiveCfg = Release|Any CPU
		{1720DC69-2D57-4959-BE38-C3E54A2F95BE}.Release|Any CPU.Build.0 = Release|Any CPU
	EndGlobalSection
	GlobalSection(SolutionProperties) = preSolution
		HideSolutionNode = FALSE
	EndGlobalSection
	GlobalSection(ExtensibilityGlobals) = postSolution
		SolutionGuid = {C22E10F1-96EF-409B-9186-1D78BD42B28C}
	EndGlobalSection
EndGlobal
